Microsoft Visual Studio Solution File, Format Version 12.00
# Visual Studio Version 18
VisualStudioVersion = 18.2.11415.280 d18.0
MinimumVisualStudioVersion = 10.0.40219.1
Project("{FAE04EC0-301F-11D3-BF4B-00C04F79EFBC}") = "WorkoutTrackerAPI", "WorkoutTrackerAPI.csproj", "{648D8BF8-96E3-04E2-6E9C-2DDAB4DF5E1D}"
EndProject
Global
	GlobalSection(SolutionConfigurationPlatforms) = preSolution
		Debug|Any CPU = Debug|Any CPU
		Release|Any CPU = Release|Any CPU
	EndGlobalSection
	GlobalSection(ProjectConfigurationPlatforms) = postSolution
		{648D8BF8-96E3-04E2-6E9C-2DDAB4DF5E1D}.Debug|Any CPU.ActiveCfg = Debug|Any CPU
		{648D8BF8-96E3-04E2-6E9C-2DDAB4DF5E1D}.Debug|Any CPU.Build.0 = Debug|Any CPU
		{648D8BF8-96E3-04E2-6E9C-2DDAB4DF5E1D}.Release|Any CPU.ActiveCfg = Release|Any CPU
		{648D8BF8-96E3-04E2-6E9C-2DDAB4DF5E1D}.Release|Any CPU.Build.0 = Release|Any CPU
	EndGlobalSection
	GlobalSection(SolutionProperties) = preSolution
		HideSolutionNode = FALSE
	EndGlobalSection
	GlobalSection(ExtensibilityGlobals) = postSolution
		SolutionGuid = {64744A78-07F0-4E9E-A8B4-8917DDDE1DA7}
	EndGlobalSection
EndGlobal
